
Microsoft Visual Studio Solution File, Format Version 12.00
# Visual Studio Version 17
VisualStudioVersion = 17.13.35825.156 d17.13
MinimumVisualStudioVersion = 10.0.40219.1
Project("{FAE04EC0-301F-11D3-BF4B-00C04F79EFBC}") = "room_reservations", "room_reservations\room_reservations.csproj", "{716BBFDE-14A7-4CCF-86D1-0372026042AF}"
EndProject
Global
	GlobalSection(SolutionConfigurationPlatforms) = preSolution
		Debug|Any CPU = Debug|Any CPU
		Release|Any CPU = Release|Any CPU
	EndGlobalSection
	GlobalSection(ProjectConfigurationPlatforms) = postSolution
		{716BBFDE-14A7-4CCF-86D1-0372026042AF}.Debug|Any CPU.ActiveCfg = Debug|Any CPU
		{716BBFDE-14A7-4CCF-86D1-0372026042AF}.Debug|Any CPU.Build.0 = Debug|Any CPU
		{716BBFDE-14A7-4CCF-86D1-0372026042AF}.Release|Any CPU.ActiveCfg = Release|Any CPU
		{716BBFDE-14A7-4CCF-86D1-0372026042AF}.Release|Any CPU.Build.0 = Release|Any CPU
	EndGlobalSection
	GlobalSection(SolutionProperties) = preSolution
		HideSolutionNode = FALSE
	EndGlobalSection
	GlobalSection(ExtensibilityGlobals) = postSolution
		SolutionGuid = {C7E29B2A-95D9-45EB-8D9A-6DDDBD675DD8}
	EndGlobalSection
EndGlobal
